# AUTO-GENERATED by `python -m tci.run docs` — do not hand-edit.
current:
  version: 0.6.0
  hash: 29551a012dada9b386abeabaa6c13adb4aec468dd488aec12fe597fc11361d30
history:
- version: 0.1.0-dev
  hash: ce39699708f7e4db1f3f1ccbaf108292c842078bb455c4955dbbc02dbd3913d3
  generated_utc: '2026-07-17T22:52:45Z'
- version: 0.1.0-dev
  hash: a2b3596556ca12fd2c444bd38f261f7fe3238d05475afe1726ae3c24cf2a5e79
  generated_utc: '2026-07-17T22:56:21Z'
- version: 0.1.0-dev
  hash: c70d9aba0f07ea72f03c3fc7e2050148da47d7f88e640f178ecde13dd33c4992
  generated_utc: '2026-07-18T09:13:48Z'
- version: 0.1.0-dev
  hash: f3aa591bea1d0f2152f7c74087238700c9b93f14f5e9ff8e8d0c2a19575f7c6b
  generated_utc: '2026-07-18T09:42:10Z'
- version: 0.1.0-dev
  hash: c7e876d36e39090c0cb53bd895460717a76aace1c47936e569685fa71a2e2a10
  generated_utc: '2026-07-18T09:49:34Z'
- version: 0.2.0-dev
  hash: 1a41124899830ab514d4b7031f65310bf6206f7d9a7436cf3b4420d5bac7880c
  generated_utc: '2026-07-19T19:52:34Z'
- version: 0.3.0-dev
  hash: 64d7f6cd88fc3e468ff4036fc8638394971eaafe1c0232b0295b9e9e3b72e372
  generated_utc: '2026-08-16T09:03:15Z'
- version: 0.3.0-dev
  hash: 903fcfecf9d327da586990e245a6751c865a642ca81991a36d6b2ab00bdfc1e6
  generated_utc: '2026-09-04T20:06:32Z'
- version: 0.3.0-dev
  hash: 5c61ce6b3b8b577e91deb2d48844b4e6c1a218290df5959b1f28d5de358a6c82
  generated_utc: '2026-09-06T16:27:27Z'
- version: 0.6.0
  hash: 29551a012dada9b386abeabaa6c13adb4aec468dd488aec12fe597fc11361d30
  generated_utc: '2026-09-11T21:11:32Z'
succession:
- version: 0.3.0-dev
  effective_from: '2026-07-18'
  notice: null
  params_hash: 05061ca3c07a0fe44079571784d16b5f6fe73a0860b610af6f79902b6bf9ce56
- version: 0.4.0
  effective_from: '2026-09-15'
  notice: 2026-N1
  params_hash: 73d52bc642db9061e0978c7b919d0c3d04e5b8e2455d99062619c00b2c7ea970
- version: 0.5.0
  effective_from: '2026-09-22'
  notice: 2026-N2
  params_hash: 638022ff286df0382edcddb953e38c1905563baf4a40d787e2cb40cffdac545a
- version: 0.6.0
  effective_from: '2026-10-01'
  notice: 2026-N3
  params_hash: c4d762bcc983a81d56f7582a6b43a4834fc73374c9a9b8ffdbe154d720c1dc7c
