# AUTO-GENERATED by `python -m tci.run docs` — do not hand-edit.
current:
  version: 0.11.0
  hash: 505b2523105d412450a5e373fa993b6077f4b5ed96f0d6f8e7eb90d0925f19f4
history:
- version: 0.1.0-dev
  hash: ce39699708f7e4db1f3f1ccbaf108292c842078bb455c4955dbbc02dbd3913d3
  generated_utc: '2026-07-17T22:52:45Z'
- version: 0.1.0-dev
  hash: a2b3596556ca12fd2c444bd38f261f7fe3238d05475afe1726ae3c24cf2a5e79
  generated_utc: '2026-07-17T22:56:21Z'
- version: 0.1.0-dev
  hash: c70d9aba0f07ea72f03c3fc7e2050148da47d7f88e640f178ecde13dd33c4992
  generated_utc: '2026-07-18T09:13:48Z'
- version: 0.1.0-dev
  hash: f3aa591bea1d0f2152f7c74087238700c9b93f14f5e9ff8e8d0c2a19575f7c6b
  generated_utc: '2026-07-18T09:42:10Z'
- version: 0.1.0-dev
  hash: c7e876d36e39090c0cb53bd895460717a76aace1c47936e569685fa71a2e2a10
  generated_utc: '2026-07-18T09:49:34Z'
- version: 0.2.0-dev
  hash: 1a41124899830ab514d4b7031f65310bf6206f7d9a7436cf3b4420d5bac7880c
  generated_utc: '2026-07-19T19:52:34Z'
- version: 0.3.0-dev
  hash: 64d7f6cd88fc3e468ff4036fc8638394971eaafe1c0232b0295b9e9e3b72e372
  generated_utc: '2026-08-16T09:03:15Z'
- version: 0.3.0-dev
  hash: 903fcfecf9d327da586990e245a6751c865a642ca81991a36d6b2ab00bdfc1e6
  generated_utc: '2026-09-04T20:06:32Z'
- version: 0.3.0-dev
  hash: 5c61ce6b3b8b577e91deb2d48844b4e6c1a218290df5959b1f28d5de358a6c82
  generated_utc: '2026-09-06T16:27:27Z'
- version: 0.6.0
  hash: 29551a012dada9b386abeabaa6c13adb4aec468dd488aec12fe597fc11361d30
  generated_utc: '2026-09-11T21:11:32Z'
- version: 0.7.0
  hash: 83a45f788153aa14d404dfe112db3651e34aeb6297b3c4a936db2088b2a73795
  generated_utc: '2026-09-24T09:04:54Z'
- version: 0.8.0
  hash: b7b93caf5214be9741322e75766c7ab5c249bb1078d4091fc57c7ad5686115c5
  generated_utc: '2026-09-24T09:42:34Z'
- version: 0.9.0
  hash: 53665abe7fb57c135bff293b36bb838af7b9a77df926504803d61e28a7f99f59
  generated_utc: '2026-09-27T01:13:02Z'
- version: 0.10.0
  hash: 6421326040946b94935a7ffc6d4ca1711194609ade0fb2049973c180373c6882
  generated_utc: '2026-09-27T01:42:02Z'
- version: 0.11.0
  hash: 505b2523105d412450a5e373fa993b6077f4b5ed96f0d6f8e7eb90d0925f19f4
  generated_utc: '2026-09-29T08:12:25Z'
succession:
- version: 0.3.0-dev
  effective_from: '2026-07-18'
  notice: null
  params_hash: 05061ca3c07a0fe44079571784d16b5f6fe73a0860b610af6f79902b6bf9ce56
- version: 0.4.0
  effective_from: '2026-09-15'
  notice: 2026-N1
  params_hash: 73d52bc642db9061e0978c7b919d0c3d04e5b8e2455d99062619c00b2c7ea970
- version: 0.5.0
  effective_from: '2026-09-22'
  notice: 2026-N2
  params_hash: 638022ff286df0382edcddb953e38c1905563baf4a40d787e2cb40cffdac545a
- version: 0.6.0
  effective_from: '2026-10-01'
  notice: 2026-N3
  params_hash: c4d762bcc983a81d56f7582a6b43a4834fc73374c9a9b8ffdbe154d720c1dc7c
- version: 0.7.0
  effective_from: '2026-10-02'
  notice: 2026-N4
  params_hash: 257448e6d27a7fd6d3bee7d4f75cd2e994f24f7d23340a4abf0cbeac3bdbc676
- version: 0.8.0
  effective_from: '2026-10-03'
  notice: 2026-N5
  params_hash: a02740bf304406c8b9c4f2b197c259a5c9e7a1c5f25aea89295a7c4bbcfba7ed
- version: 0.9.0
  effective_from: '2026-10-04'
  notice: 2026-N6
  params_hash: 6f12f0b28b2af2617d7724db936e774b35c8f110f02a460c86dc7afa05b67b30
- version: 0.10.0
  effective_from: '2026-10-05'
  notice: 2026-N7
  params_hash: 9d0fa2bc9b6e40b0ba8697a07afc32c556afa083bb2075757d9fcccd64fbe4fc
- version: 0.11.0
  effective_from: '2026-10-06'
  notice: 2026-N8
  params_hash: 969eba727b7335f34924ba0a4072106661047d1cbbab0665259ecf6c33bc90fd
